
Microsoft Visual Studio Solution File, Format Version 12.00
Project("{FAE04EC0-301F-11D3-BF4B-00C04F79EFBC}") = "APBD_TASK2", "APBD_TASK2.csproj", "{BEBD0D11-73B9-4B68-B81F-003B28E04F18}"
EndProject
Global
	GlobalSection(SolutionConfigurationPlatforms) = preSolution
		Debug|Any CPU = Debug|Any CPU
		Release|Any CPU = Release|Any CPU
	EndGlobalSection
	GlobalSection(ProjectConfigurationPlatforms) = postSolution
		{BEBD0D11-73B9-4B68-B81F-003B28E04F18}.Debug|Any CPU.ActiveCfg = Debug|Any CPU
		{BEBD0D11-73B9-4B68-B81F-003B28E04F18}.Debug|Any CPU.Build.0 = Debug|Any CPU
		{BEBD0D11-73B9-4B68-B81F-003B28E04F18}.Release|Any CPU.ActiveCfg = Release|Any CPU
		{BEBD0D11-73B9-4B68-B81F-003B28E04F18}.Release|Any CPU.Build.0 = Release|Any CPU
	EndGlobalSection
EndGlobal
